{
  "projects": [
    {
      "projectId": "84wxoth5npGrp6RRXPL88z",
      "version": "4.2.0",
      "dependencies": {},
      "lang": "ts",
      "fileLocks": [
        {
          "assetId": "84wxoth5npGrp6RRXPL88z",
          "type": "projectCss",
          "checksum": "9b42bcc01d2c969d912958d61431de9e"
        },
        {
          "assetId": "84wxoth5npGrp6RRXPL88z",
          "checksum": "b2ce5fdf753761f5713b1026b9e65539",
          "type": "globalContexts"
        }
      ],
      "codegenVersion": "0.0.1"
    },
    {
      "projectId": "28Ba3BDvRe7EiWdfFNnLB6",
      "version": "2.5.0",
      "dependencies": {},
      "lang": "ts",
      "fileLocks": [
        {
          "assetId": "28Ba3BDvRe7EiWdfFNnLB6",
          "type": "projectCss",
          "checksum": "4555def2e0f7a23aa0c5dc1df553855f"
        }
      ],
      "codegenVersion": "0.0.1"
    },
    {
      "projectId": "CK5Roq2dBGcRPqc72xPE7",
      "version": "latest",
      "dependencies": {
        "28Ba3BDvRe7EiWdfFNnLB6": "2.5.0",
        "84wxoth5npGrp6RRXPL88z": "4.2.0",
        "7nJ7UcFmq9UzB6eXfC5z4a": "0.2.0",
        "r3ASNrnyvLLLAtDvzUioQ": "3.2.0",
        "caTPwKxj5ZrD9LQ7DMdK4Z": "3.3.0"
      },
      "lang": "ts",
      "fileLocks": [
        {
          "type": "globalVariant",
          "assetId": "68So83itnbSuT",
          "checksum": "f9f6784344820cd03f2f18bbdb75566d"
        },
        {
          "assetId": "CK5Roq2dBGcRPqc72xPE7",
          "checksum": "9037b88299299ff8213b0b993df8fdf5",
          "type": "globalContexts"
        },
        {
          "type": "renderModule",
          "assetId": "NZC-UoqNQPLo",
          "checksum": "099a5d7b3e7c161d0d189009f40294bc"
        },
        {
          "type": "cssRules",
          "assetId": "NZC-UoqNQPLo",
          "checksum": "099a5d7b3e7c161d0d189009f40294bc"
        },
        {
          "type": "icon",
          "assetId": "mpkVGFlX7Nq",
          "checksum": "1801c87a6f72194f054566a702454641"
        },
        {
          "type": "icon",
          "assetId": "qdVnzxuI5h5",
          "checksum": "aab36e45fd04e4f45e3b756f98faa381"
        },
        {
          "type": "image",
          "assetId": "sotIKca3FME",
          "checksum": "b0ac680a463779dc4414a3b7f8b0966f"
        },
        {
          "type": "image",
          "assetId": "9UYEjjDcM",
          "checksum": "acc0f54a38f5a0e0ed0a5c8466feb63c"
        },
        {
          "type": "image",
          "assetId": "-nX1OZIxt",
          "checksum": "5b0403bf43a0507cb791c00634fb4508"
        },
        {
          "type": "image",
          "assetId": "c8YcFlzZc",
          "checksum": "d8b8182c75f895b407fb9e9216af7562"
        },
        {
          "type": "image",
          "assetId": "biC4Rx491",
          "checksum": "65a096eceaefe976df20228376a6a2b5"
        },
        {
          "type": "image",
          "assetId": "8adgnubcY",
          "checksum": "b46863178a4e625fdb5aaf108b858857"
        },
        {
          "type": "image",
          "assetId": "RlaVmtskP",
          "checksum": "d478a657ffa7ec7b6712b124c30f0002"
        },
        {
          "type": "image",
          "assetId": "WJKWg7CXw",
          "checksum": "709fa8afefd73f440fdc2febe614635b"
        },
        {
          "type": "image",
          "assetId": "rQyOgs5PD",
          "checksum": "31d733f918ac2c3e8aebb589cbcd9b52"
        },
        {
          "type": "image",
          "assetId": "1_XpL-nGMG",
          "checksum": "7258bc50a2dbb2cea22eac34adbe12ed"
        },
        {
          "type": "image",
          "assetId": "nAwONpT0P",
          "checksum": "c4bd1493c38e2b68f659640c27d07699"
        },
        {
          "type": "image",
          "assetId": "8T7c0x0_O",
          "checksum": "f84bb3385bd9003fab1881c6eec9b7d3"
        },
        {
          "type": "image",
          "assetId": "tgdaTRO09",
          "checksum": "28a80b1afe90ac6e908e229c96037fb8"
        },
        {
          "type": "image",
          "assetId": "mo9Q2huof",
          "checksum": "643738fcc17521d242a1a1d37961eb45"
        },
        {
          "type": "image",
          "assetId": "jVv2qtF2S",
          "checksum": "64ba8a7b0db824828120ec0acf532afe"
        },
        {
          "type": "image",
          "assetId": "AP3ud_mGt",
          "checksum": "9130cf8ca1d88113832732d7ade45c43"
        },
        {
          "type": "image",
          "assetId": "UqbYW1MIC",
          "checksum": "a5bd84d616d3afd87580f9efc7efb884"
        },
        {
          "type": "image",
          "assetId": "tdI317RKU",
          "checksum": "25d7e6194480885ad0f67fa66ae03e66"
        },
        {
          "type": "image",
          "assetId": "Kz57y2H9d",
          "checksum": "9142f13368b441dd0fca3e3490f976c0"
        },
        {
          "type": "image",
          "assetId": "O4oYsOet_",
          "checksum": "3dfe25384f6f5cc548a545c10fa8203c"
        },
        {
          "type": "image",
          "assetId": "jogtHwyTM",
          "checksum": "050bef36421c2c09d055ae6f1d88514b"
        },
        {
          "type": "image",
          "assetId": "H-vjo1rYI",
          "checksum": "ae538f4c10dea25a09b5a01a0b1eac0c"
        },
        {
          "type": "image",
          "assetId": "nWjnhz1qy",
          "checksum": "1b73db016c3083fd9d87cca5dbdfe9e8"
        },
        {
          "type": "image",
          "assetId": "b2YrSWuvC",
          "checksum": "8e4de7721fe5773ca6d82e4d9e888309"
        },
        {
          "type": "renderModule",
          "assetId": "bJWuF2TQjZ",
          "checksum": "5193f545deaa913e19aac724c6002683"
        },
        {
          "type": "cssRules",
          "assetId": "bJWuF2TQjZ",
          "checksum": "5193f545deaa913e19aac724c6002683"
        },
        {
          "type": "renderModule",
          "assetId": "kF3SxrRA5T",
          "checksum": "8a1873ec35c869e8c3db04694a7891b6"
        },
        {
          "type": "cssRules",
          "assetId": "kF3SxrRA5T",
          "checksum": "8a1873ec35c869e8c3db04694a7891b6"
        },
        {
          "type": "renderModule",
          "assetId": "TDapKXuiY3",
          "checksum": "f08ba9c530a127238ec0c6485e8b2bfc"
        },
        {
          "type": "cssRules",
          "assetId": "TDapKXuiY3",
          "checksum": "f08ba9c530a127238ec0c6485e8b2bfc"
        },
        {
          "type": "renderModule",
          "assetId": "qVPSIM3pVs",
          "checksum": "b94427edb208c3fc6281cae070656c5c"
        },
        {
          "type": "cssRules",
          "assetId": "qVPSIM3pVs",
          "checksum": "b94427edb208c3fc6281cae070656c5c"
        },
        {
          "type": "renderModule",
          "assetId": "o4t1y0SSs1",
          "checksum": "f54b18c317413b925d2b65bf54815ccb"
        },
        {
          "type": "cssRules",
          "assetId": "o4t1y0SSs1",
          "checksum": "f54b18c317413b925d2b65bf54815ccb"
        },
        {
          "type": "renderModule",
          "assetId": "Q4DFql2orP",
          "checksum": "ab89d570a233dc0fee72a487f77b613b"
        },
        {
          "type": "cssRules",
          "assetId": "Q4DFql2orP",
          "checksum": "ab89d570a233dc0fee72a487f77b613b"
        },
        {
          "type": "renderModule",
          "assetId": "vt5GMNbvKS",
          "checksum": "5fbc2799ba84051df87395dac1d0ba89"
        },
        {
          "type": "cssRules",
          "assetId": "vt5GMNbvKS",
          "checksum": "5fbc2799ba84051df87395dac1d0ba89"
        },
        {
          "type": "renderModule",
          "assetId": "yoOdx6-i_B",
          "checksum": "4747505119d82ac97255e47eaa74fb6b"
        },
        {
          "type": "cssRules",
          "assetId": "yoOdx6-i_B",
          "checksum": "4747505119d82ac97255e47eaa74fb6b"
        },
        {
          "type": "renderModule",
          "assetId": "IbDhUVEhV3",
          "checksum": "d35012f2ddb4fde6efa3362cd8afcd9d"
        },
        {
          "type": "cssRules",
          "assetId": "IbDhUVEhV3",
          "checksum": "d35012f2ddb4fde6efa3362cd8afcd9d"
        },
        {
          "type": "renderModule",
          "assetId": "Wd8YFq2Y_h",
          "checksum": "c821440c2cdc156d8473168255ae48ae"
        },
        {
          "type": "cssRules",
          "assetId": "Wd8YFq2Y_h",
          "checksum": "c821440c2cdc156d8473168255ae48ae"
        },
        {
          "type": "renderModule",
          "assetId": "-6FXQIV15U",
          "checksum": "09c9f8d7f4a985b057e3c1fcde0191f4"
        },
        {
          "type": "cssRules",
          "assetId": "-6FXQIV15U",
          "checksum": "09c9f8d7f4a985b057e3c1fcde0191f4"
        },
        {
          "type": "renderModule",
          "assetId": "jRkQsk9sE1",
          "checksum": "7607aec567def4cee9b8330cc90220fd"
        },
        {
          "type": "cssRules",
          "assetId": "jRkQsk9sE1",
          "checksum": "7607aec567def4cee9b8330cc90220fd"
        },
        {
          "type": "icon",
          "assetId": "Yg-v2G06pB",
          "checksum": "82515f91602f3e010ac0e352b7952f68"
        },
        {
          "type": "icon",
          "assetId": "UwifUUO_4c",
          "checksum": "1c70c8adfb753b18275e66badefb090f"
        },
        {
          "type": "icon",
          "assetId": "eA2qX4ZFE2",
          "checksum": "7da2cf74a0dfb654533a6a8953297bb2"
        },
        {
          "type": "image",
          "assetId": "2S9IS09Ja",
          "checksum": "56ed7493ea301ea45cf99631b6a08af1"
        },
        {
          "type": "image",
          "assetId": "qJT2q0rc7",
          "checksum": "8733be39b36cfed50ce8f0d4fc859a0e"
        },
        {
          "type": "image",
          "assetId": "phewD_3I5U",
          "checksum": "6edd717e247177fe5c02a69706943655"
        },
        {
          "type": "image",
          "assetId": "nPzmtiR1G",
          "checksum": "07c613f98ac89562e46231c889328431"
        },
        {
          "type": "image",
          "assetId": "Y8S1ZEyO9",
          "checksum": "6f11424d15da5543b33d8a8b4a495524"
        },
        {
          "type": "image",
          "assetId": "vg10glu29",
          "checksum": "d2d4e28c0c2472f4756e1a7a0da3fd79"
        },
        {
          "type": "image",
          "assetId": "F41M3K5yC",
          "checksum": "cb072961b3293069a19f454bd8c51feb"
        },
        {
          "type": "image",
          "assetId": "5LFmGyC__",
          "checksum": "8083ce6c85434828910890230de3d8b9"
        },
        {
          "type": "image",
          "assetId": "KYIw4fruq",
          "checksum": "c540774ca7f66d5bdfd7ea33911ca036"
        },
        {
          "type": "image",
          "assetId": "n3amkHiVr",
          "checksum": "50c1155801c2717939a73cdf31121b75"
        },
        {
          "type": "image",
          "assetId": "efO7oU5Nb",
          "checksum": "952e400f75e3cb9d8916bbd78130328a"
        },
        {
          "type": "image",
          "assetId": "xyfsMqWpH",
          "checksum": "42c8d5e498e2a5ac261e2fb1b605e2d4"
        },
        {
          "type": "image",
          "assetId": "de8no2N2x",
          "checksum": "52d97a4ce8cd530c2317ab84aae4fe4f"
        },
        {
          "type": "image",
          "assetId": "B2O2XWz4f",
          "checksum": "f3d3537a8c562271533c4fec25563a4f"
        },
        {
          "type": "image",
          "assetId": "AGpDF2iXf",
          "checksum": "8a756e2a8576fb1a59df2b075a15d23d"
        },
        {
          "type": "image",
          "assetId": "47kRNFNxe",
          "checksum": "f59a8668a15b2a62d313d323daaed3e8"
        },
        {
          "type": "image",
          "assetId": "fuF6WJ-dE",
          "checksum": "7f7cdd490f415c19457953294a8f5738"
        },
        {
          "type": "image",
          "assetId": "5ICT6umD2M",
          "checksum": "62d1fe79d570253d44b6722a1f47fdbb"
        },
        {
          "type": "image",
          "assetId": "5k5ZuKiaz",
          "checksum": "12dfc63ead8fe3da3d5c00f47e75d67c"
        },
        {
          "type": "image",
          "assetId": "sUs3xSwIlD",
          "checksum": "1194765efe59a86bb7baa29fb2ee8617"
        },
        {
          "type": "renderModule",
          "assetId": "2ROA3fsgXu",
          "checksum": "6fd8ba6cef5bef3a6c30e1e630a8a685"
        },
        {
          "type": "cssRules",
          "assetId": "2ROA3fsgXu",
          "checksum": "6fd8ba6cef5bef3a6c30e1e630a8a685"
        },
        {
          "type": "image",
          "assetId": "0oG3OEJ-N",
          "checksum": "693dba86a3153b71cd5c9e0dc3ec8f8b"
        },
        {
          "type": "image",
          "assetId": "wIh_OVQwb",
          "checksum": "4c344c49e44ee1ad8f704a0632fed5ec"
        },
        {
          "type": "image",
          "assetId": "7kbNjDhqMT",
          "checksum": "c05b464414338232b3936ac22f12f186"
        },
        {
          "type": "image",
          "assetId": "sZRlYzUV8",
          "checksum": "7f542321ebcb7de35e9ba7995ef0b0a1"
        },
        {
          "type": "renderModule",
          "assetId": "nzY669KIVI",
          "checksum": "3f4cb491ad4ca291d73ae4d6be577e4b"
        },
        {
          "type": "cssRules",
          "assetId": "nzY669KIVI",
          "checksum": "3f4cb491ad4ca291d73ae4d6be577e4b"
        },
        {
          "type": "icon",
          "assetId": "WsLCoOnzjJ",
          "checksum": "ded1015efeed5c01c25795742e16fe5d"
        },
        {
          "type": "icon",
          "assetId": "CMZqPb-CKw",
          "checksum": "0bc8bc5f5a6e1595f783c103d0a09138"
        },
        {
          "type": "globalVariant",
          "assetId": "UntG1uo25b",
          "checksum": "700f9c52a22a5673415fefdd1c7a140d"
        },
        {
          "type": "image",
          "assetId": "xrxeLpWn-",
          "checksum": "f55772d6fc2821bd0fcbd414356666f4"
        },
        {
          "type": "image",
          "assetId": "74HK9Kwb8",
          "checksum": "14fc7b05c63859aa94fc2b08e7743e95"
        },
        {
          "type": "image",
          "assetId": "05JpFtjWx",
          "checksum": "4e6759b80cc9419211f6351ce42c511b"
        },
        {
          "type": "image",
          "assetId": "HM1NMUBVE",
          "checksum": "8a9f03fb7134ddb2e3a045b1155fc31c"
        },
        {
          "type": "image",
          "assetId": "lzp9OPDZN",
          "checksum": "2036a8faafb1ad476ab4551b4e7f0ef0"
        },
        {
          "type": "image",
          "assetId": "EqbHaJmRs",
          "checksum": "1b08d573f0a340f3664a40169d307b30"
        },
        {
          "type": "image",
          "assetId": "K56yVfQPb",
          "checksum": "681365bbc3a48229fbb6fafc9a480658"
        },
        {
          "type": "image",
          "assetId": "hpmZS4a1m",
          "checksum": "fa4a5633a301a97545c9a57c72aaa62f"
        },
        {
          "type": "icon",
          "assetId": "Fv9ig3w75f",
          "checksum": "7d2172c6560ece088ea5146412cd2ffa"
        },
        {
          "type": "icon",
          "assetId": "PrpJCP86KL",
          "checksum": "963ec2e85dc60a0ffac4b6fc046dbb46"
        },
        {
          "type": "image",
          "assetId": "SMe8an8Bm",
          "checksum": "3afdd79b876214de9e5a61d5953cab1e"
        },
        {
          "type": "image",
          "assetId": "U0Sy_b4QP",
          "checksum": "fb95472a5da03807c2e5e13045a8b375"
        },
        {
          "type": "image",
          "assetId": "Dy_OtfHXL",
          "checksum": "1ea44a2c0c58011b9e96bc9486bee9a0"
        },
        {
          "type": "image",
          "assetId": "O9_GNhuIC",
          "checksum": "8245afa5c8c5c630cd6b8b1641feecce"
        },
        {
          "type": "image",
          "assetId": "prWqQbiW1",
          "checksum": "5b1cdb3a7ea150b5182f691a4abc946f"
        },
        {
          "type": "image",
          "assetId": "0KPc11IgI",
          "checksum": "4a956a0e2e93d8b95981032e5ce5f69d"
        },
        {
          "type": "image",
          "assetId": "E21yVBGnJ",
          "checksum": "c1e80e393b49de5782fbe0e5b47554c6"
        },
        {
          "type": "image",
          "assetId": "EdfLKYkCT",
          "checksum": "0333f38c3f1ef4ace086592ba309b2c3"
        },
        {
          "type": "image",
          "assetId": "vfbOcplWG",
          "checksum": "64fecfadca680314360a3ab42950bc12"
        },
        {
          "assetId": "CK5Roq2dBGcRPqc72xPE7",
          "type": "projectCss",
          "checksum": "dee7608b28f9cbe58cc70fe13ff54436"
        },
        {
          "type": "renderModule",
          "assetId": "Jgzn7LQkpI",
          "checksum": "f3879f5c3ff2450c0252042672b033bf"
        },
        {
          "type": "cssRules",
          "assetId": "Jgzn7LQkpI",
          "checksum": "f3879f5c3ff2450c0252042672b033bf"
        },
        {
          "type": "renderModule",
          "assetId": "Kp3Vy8I_6u",
          "checksum": "da0183f99146bb692c53babb07456eb7"
        },
        {
          "type": "cssRules",
          "assetId": "Kp3Vy8I_6u",
          "checksum": "da0183f99146bb692c53babb07456eb7"
        },
        {
          "type": "renderModule",
          "assetId": "5sjKOISLoI",
          "checksum": "320ca6704edc2b56b7dc71bc13d6ec73"
        },
        {
          "type": "cssRules",
          "assetId": "5sjKOISLoI",
          "checksum": "320ca6704edc2b56b7dc71bc13d6ec73"
        }
      ],
      "codegenVersion": "0.0.1"
    },
    {
      "projectId": "caTPwKxj5ZrD9LQ7DMdK4Z",
      "version": "3.3.0",
      "dependencies": {},
      "lang": "ts",
      "fileLocks": [
        {
          "assetId": "caTPwKxj5ZrD9LQ7DMdK4Z",
          "type": "projectCss",
          "checksum": "ab083ab952f1c389c64ad1714f567cde"
        }
      ],
      "codegenVersion": "0.0.1"
    },
    {
      "projectId": "r3ASNrnyvLLLAtDvzUioQ",
      "version": "3.2.0",
      "dependencies": {},
      "lang": "ts",
      "fileLocks": [
        {
          "assetId": "r3ASNrnyvLLLAtDvzUioQ",
          "type": "projectCss",
          "checksum": "966efa9afefcfc50d7303ee30728f3db"
        }
      ],
      "codegenVersion": "0.0.1"
    },
    {
      "projectId": "7nJ7UcFmq9UzB6eXfC5z4a",
      "version": "0.2.0",
      "dependencies": {},
      "lang": "ts",
      "fileLocks": [
        {
          "assetId": "7nJ7UcFmq9UzB6eXfC5z4a",
          "type": "projectCss",
          "checksum": "809a992387352d2a5a566db42f64652e"
        }
      ],
      "codegenVersion": "0.0.1"
    }
  ],
  "cliVersion": "0.1.186"
}
